
Microsoft Visual Studio Solution File, Format Version 12.00
# Visual Studio 15
VisualStudioVersion = 15.0.28307.1267
MinimumVisualStudioVersion = 10.0.40219.1
Project("{2150E333-8FDC-42A3-9474-1A3956D46DE8}") = "0 - Presentation", "0 - Presentation", "{99EF695E-2662-4987-BB32-9B56FD29E57D}"
EndProject
Project("{2150E333-8FDC-42A3-9474-1A3956D46DE8}") = "1 - Services", "1 - Services", "{AA5E7FED-9A1A-4A60-A36B-6344FCDE99C2}"
EndProject
Project("{2150E333-8FDC-42A3-9474-1A3956D46DE8}") = "2 - Application", "2 - Application", "{E9ED54D3-AD8E-46C8-A0CC-13F1A321FBFE}"
EndProject
Project("{2150E333-8FDC-42A3-9474-1A3956D46DE8}") = "3 - Domain", "3 - Domain", "{1522A840-6057-44EF-AB2A-954D04536F52}"
EndProject
Project("{2150E333-8FDC-42A3-9474-1A3956D46DE8}") = "4 - Infra", "4 - Infra", "{D5C81205-0F15-4167-9497-D434220C0DE7}"
EndProject
Project("{2150E333-8FDC-42A3-9474-1A3956D46DE8}") = "4.1 - Data", "4.1 - Data", "{5BB75C74-291E-432B-B1DC-047C7FB93528}"
EndProject
Project("{2150E333-8FDC-42A3-9474-1A3956D46DE8}") = "4.1 - CrossCutting", "4.1 - CrossCutting", "{B311E8D3-6135-47B9-8DA0-B6ABAC865960}"
EndProject
Project("{FAE04EC0-301F-11D3-BF4B-00C04F79EFBC}") = "ProjetoModeloDDD.MVC", "ProjetoModeloDDD.MVC\ProjetoModeloDDD.MVC.csproj", "{78F4A0F0-D39A-4D40-BCE9-B4F97B7001ED}"
EndProject
Project("{FAE04EC0-301F-11D3-BF4B-00C04F79EFBC}") = "ProjetoModeloDDD.Domain", "ProjetoModeloDDD.Domain\ProjetoModeloDDD.Domain.csproj", "{6950B21C-7033-4B30-B09E-A7CD028732F0}"
EndProject
Project("{FAE04EC0-301F-11D3-BF4B-00C04F79EFBC}") = "ProjetoModeloDDD.Infra.Data", "ProjetoModeloDDD.Infra.Data\ProjetoModeloDDD.Infra.Data.csproj", "{9B7E185E-6A29-4FB4-AC35-3C7C92446152}"
EndProject
Project("{FAE04EC0-301F-11D3-BF4B-00C04F79EFBC}") = "ProjetoModeloDDD.Application", "ProjetoModeloDDD.Application\ProjetoModeloDDD.Application.csproj", "{3206DBC6-3A36-4B50-AF98-938854668CEA}"
EndProject
Global
	GlobalSection(SolutionConfigurationPlatforms) = preSolution
		Debug|Any CPU = Debug|Any CPU
		Debug|ARM = Debug|ARM
		Debug|ARM64 = Debug|ARM64
		Debug|x64 = Debug|x64
		Debug|x86 = Debug|x86
		Release|Any CPU = Release|Any CPU
		Release|ARM = Release|ARM
		Release|ARM64 = Release|ARM64
		Release|x64 = Release|x64
		Release|x86 = Release|x86
	EndGlobalSection
	GlobalSection(ProjectConfigurationPlatforms) = postSolution
		{78F4A0F0-D39A-4D40-BCE9-B4F97B7001ED}.Debug|Any CPU.ActiveCfg = Debug|Any CPU
		{78F4A0F0-D39A-4D40-BCE9-B4F97B7001ED}.Debug|Any CPU.Build.0 = Debug|Any CPU
		{78F4A0F0-D39A-4D40-BCE9-B4F97B7001ED}.Debug|ARM.ActiveCfg = Debug|Any CPU
		{78F4A0F0-D39A-4D40-BCE9-B4F97B7001ED}.Debug|ARM.Build.0 = Debug|Any CPU
		{78F4A0F0-D39A-4D40-BCE9-B4F97B7001ED}.Debug|ARM64.ActiveCfg = Debug|Any CPU
		{78F4A0F0-D39A-4D40-BCE9-B4F97B7001ED}.Debug|ARM64.Build.0 = Debug|Any CPU
		{78F4A0F0-D39A-4D40-BCE9-B4F97B7001ED}.Debug|x64.ActiveCfg = Debug|Any CPU
		{78F4A0F0-D39A-4D40-BCE9-B4F97B7001ED}.Debug|x64.Build.0 = Debug|Any CPU
		{78F4A0F0-D39A-4D40-BCE9-B4F97B7001ED}.Debug|x86.ActiveCfg = Debug|Any CPU
		{78F4A0F0-D39A-4D40-BCE9-B4F97B7001ED}.Debug|x86.Build.0 = Debug|Any CPU
		{78F4A0F0-D39A-4D40-BCE9-B4F97B7001ED}.Release|Any CPU.ActiveCfg = Release|Any CPU
		{78F4A0F0-D39A-4D40-BCE9-B4F97B7001ED}.Release|Any CPU.Build.0 = Release|Any CPU
		{78F4A0F0-D39A-4D40-BCE9-B4F97B7001ED}.Release|ARM.ActiveCfg = Release|Any CPU
		{78F4A0F0-D39A-4D40-BCE9-B4F97B7001ED}.Release|ARM.Build.0 = Release|Any CPU
		{78F4A0F0-D39A-4D40-BCE9-B4F97B7001ED}.Release|ARM64.ActiveCfg = Release|Any CPU
		{78F4A0F0-D39A-4D40-BCE9-B4F97B7001ED}.Release|ARM64.Build.0 = Release|Any CPU
		{78F4A0F0-D39A-4D40-BCE9-B4F97B7001ED}.Release|x64.ActiveCfg = Release|Any CPU
		{78F4A0F0-D39A-4D40-BCE9-B4F97B7001ED}.Release|x64.Build.0 = Release|Any CPU
		{78F4A0F0-D39A-4D40-BCE9-B4F97B7001ED}.Release|x86.ActiveCfg = Release|Any CPU
		{78F4A0F0-D39A-4D40-BCE9-B4F97B7001ED}.Release|x86.Build.0 = Release|Any CPU
		{6950B21C-7033-4B30-B09E-A7CD028732F0}.Debug|Any CPU.ActiveCfg = Debug|Any CPU
		{6950B21C-7033-4B30-B09E-A7CD028732F0}.Debug|Any CPU.Build.0 = Debug|Any CPU
		{6950B21C-7033-4B30-B09E-A7CD028732F0}.Debug|ARM.ActiveCfg = Debug|Any CPU
		{6950B21C-7033-4B30-B09E-A7CD028732F0}.Debug|ARM.Build.0 = Debug|Any CPU
		{6950B21C-7033-4B30-B09E-A7CD028732F0}.Debug|ARM64.ActiveCfg = Debug|Any CPU
		{6950B21C-7033-4B30-B09E-A7CD028732F0}.Debug|ARM64.Build.0 = Debug|Any CPU
		{6950B21C-7033-4B30-B09E-A7CD028732F0}.Debug|x64.ActiveCfg = Debug|Any CPU
		{6950B21C-7033-4B30-B09E-A7CD028732F0}.Debug|x64.Build.0 = Debug|Any CPU
		{6950B21C-7033-4B30-B09E-A7CD028732F0}.Debug|x86.ActiveCfg = Debug|Any CPU
		{6950B21C-7033-4B30-B09E-A7CD028732F0}.Debug|x86.Build.0 = Debug|Any CPU
		{6950B21C-7033-4B30-B09E-A7CD028732F0}.Release|Any CPU.ActiveCfg = Release|Any CPU
		{6950B21C-7033-4B30-B09E-A7CD028732F0}.Release|Any CPU.Build.0 = Release|Any CPU
		{6950B21C-7033-4B30-B09E-A7CD028732F0}.Release|ARM.ActiveCfg = Release|Any CPU
		{6950B21C-7033-4B30-B09E-A7CD028732F0}.Release|ARM.Build.0 = Release|Any CPU
		{6950B21C-7033-4B30-B09E-A7CD028732F0}.Release|ARM64.ActiveCfg = Release|Any CPU
		{6950B21C-7033-4B30-B09E-A7CD028732F0}.Release|ARM64.Build.0 = Release|Any CPU
		{6950B21C-7033-4B30-B09E-A7CD028732F0}.Release|x64.ActiveCfg = Release|Any CPU
		{6950B21C-7033-4B30-B09E-A7CD028732F0}.Release|x64.Build.0 = Release|Any CPU
		{6950B21C-7033-4B30-B09E-A7CD028732F0}.Release|x86.ActiveCfg = Release|Any CPU
		{6950B21C-7033-4B30-B09E-A7CD028732F0}.Release|x86.Build.0 = Release|Any CPU
		{9B7E185E-6A29-4FB4-AC35-3C7C92446152}.Debug|Any CPU.ActiveCfg = Debug|Any CPU
		{9B7E185E-6A29-4FB4-AC35-3C7C92446152}.Debug|Any CPU.Build.0 = Debug|Any CPU
		{9B7E185E-6A29-4FB4-AC35-3C7C92446152}.Debug|ARM.ActiveCfg = Debug|Any CPU
		{9B7E185E-6A29-4FB4-AC35-3C7C92446152}.Debug|ARM.Build.0 = Debug|Any CPU
		{9B7E185E-6A29-4FB4-AC35-3C7C92446152}.Debug|ARM64.ActiveCfg = Debug|Any CPU
		{9B7E185E-6A29-4FB4-AC35-3C7C92446152}.Debug|ARM64.Build.0 = Debug|Any CPU
		{9B7E185E-6A29-4FB4-AC35-3C7C92446152}.Debug|x64.ActiveCfg = Debug|Any CPU
		{9B7E185E-6A29-4FB4-AC35-3C7C92446152}.Debug|x64.Build.0 = Debug|Any CPU
		{9B7E185E-6A29-4FB4-AC35-3C7C92446152}.Debug|x86.ActiveCfg = Debug|Any CPU
		{9B7E185E-6A29-4FB4-AC35-3C7C92446152}.Debug|x86.Build.0 = Debug|Any CPU
		{9B7E185E-6A29-4FB4-AC35-3C7C92446152}.Release|Any CPU.ActiveCfg = Release|Any CPU
		{9B7E185E-6A29-4FB4-AC35-3C7C92446152}.Release|Any CPU.Build.0 = Release|Any CPU
		{9B7E185E-6A29-4FB4-AC35-3C7C92446152}.Release|ARM.ActiveCfg = Release|Any CPU
		{9B7E185E-6A29-4FB4-AC35-3C7C92446152}.Release|ARM.Build.0 = Release|Any CPU
		{9B7E185E-6A29-4FB4-AC35-3C7C92446152}.Release|ARM64.ActiveCfg = Release|Any CPU
		{9B7E185E-6A29-4FB4-AC35-3C7C92446152}.Release|ARM64.Build.0 = Release|Any CPU
		{9B7E185E-6A29-4FB4-AC35-3C7C92446152}.Release|x64.ActiveCfg = Release|Any CPU
		{9B7E185E-6A29-4FB4-AC35-3C7C92446152}.Release|x64.Build.0 = Release|Any CPU
		{9B7E185E-6A29-4FB4-AC35-3C7C92446152}.Release|x86.ActiveCfg = Release|Any CPU
		{9B7E185E-6A29-4FB4-AC35-3C7C92446152}.Release|x86.Build.0 = Release|Any CPU
		{3206DBC6-3A36-4B50-AF98-938854668CEA}.Debug|Any CPU.ActiveCfg = Debug|Any CPU
		{3206DBC6-3A36-4B50-AF98-938854668CEA}.Debug|Any CPU.Build.0 = Debug|Any CPU
		{3206DBC6-3A36-4B50-AF98-938854668CEA}.Debug|ARM.ActiveCfg = Debug|Any CPU
		{3206DBC6-3A36-4B50-AF98-938854668CEA}.Debug|ARM.Build.0 = Debug|Any CPU
		{3206DBC6-3A36-4B50-AF98-938854668CEA}.Debug|ARM64.ActiveCfg = Debug|Any CPU
		{3206DBC6-3A36-4B50-AF98-938854668CEA}.Debug|ARM64.Build.0 = Debug|Any CPU
		{3206DBC6-3A36-4B50-AF98-938854668CEA}.Debug|x64.ActiveCfg = Debug|Any CPU
		{3206DBC6-3A36-4B50-AF98-938854668CEA}.Debug|x64.Build.0 = Debug|Any CPU
		{3206DBC6-3A36-4B50-AF98-938854668CEA}.Debug|x86.ActiveCfg = Debug|Any CPU
		{3206DBC6-3A36-4B50-AF98-938854668CEA}.Debug|x86.Build.0 = Debug|Any CPU
		{3206DBC6-3A36-4B50-AF98-938854668CEA}.Release|Any CPU.ActiveCfg = Release|Any CPU
		{3206DBC6-3A36-4B50-AF98-938854668CEA}.Release|Any CPU.Build.0 = Release|Any CPU
		{3206DBC6-3A36-4B50-AF98-938854668CEA}.Release|ARM.ActiveCfg = Release|Any CPU
		{3206DBC6-3A36-4B50-AF98-938854668CEA}.Release|ARM.Build.0 = Release|Any CPU
		{3206DBC6-3A36-4B50-AF98-938854668CEA}.Release|ARM64.ActiveCfg = Release|Any CPU
		{3206DBC6-3A36-4B50-AF98-938854668CEA}.Release|ARM64.Build.0 = Release|Any CPU
		{3206DBC6-3A36-4B50-AF98-938854668CEA}.Release|x64.ActiveCfg = Release|Any CPU
		{3206DBC6-3A36-4B50-AF98-938854668CEA}.Release|x64.Build.0 = Release|Any CPU
		{3206DBC6-3A36-4B50-AF98-938854668CEA}.Release|x86.ActiveCfg = Release|Any CPU
		{3206DBC6-3A36-4B50-AF98-938854668CEA}.Release|x86.Build.0 = Release|Any CPU
	EndGlobalSection
	GlobalSection(SolutionProperties) = preSolution
		HideSolutionNode = FALSE
	EndGlobalSection
	GlobalSection(NestedProjects) = preSolution
		{5BB75C74-291E-432B-B1DC-047C7FB93528} = {D5C81205-0F15-4167-9497-D434220C0DE7}
		{B311E8D3-6135-47B9-8DA0-B6ABAC865960} = {D5C81205-0F15-4167-9497-D434220C0DE7}
		{78F4A0F0-D39A-4D40-BCE9-B4F97B7001ED} = {99EF695E-2662-4987-BB32-9B56FD29E57D}
		{6950B21C-7033-4B30-B09E-A7CD028732F0} = {1522A840-6057-44EF-AB2A-954D04536F52}
		{9B7E185E-6A29-4FB4-AC35-3C7C92446152} = {5BB75C74-291E-432B-B1DC-047C7FB93528}
		{3206DBC6-3A36-4B50-AF98-938854668CEA} = {E9ED54D3-AD8E-46C8-A0CC-13F1A321FBFE}
	EndGlobalSection
	GlobalSection(ExtensibilityGlobals) = postSolution
		SolutionGuid = {09FE0CE6-BF4F-4D39-B2B2-A597F4C00AC3}
	EndGlobalSection
EndGlobal
